{
    "_meta": {
        "hash": {
            "sha256": "35d0e94e90613c3010039c63f694593fc81815512c1fc78b0b5ee9142c7b335e"
        },
        "pipfile-spec": 6,
        "requires": {
            "python_version": "3.10"
        },
        "sources": [
            {
                "name": "pypi",
                "url": "https://pypi.org/simple",
                "verify_ssl": true
            }
        ]
    },
    "default": {
        "aiosmtplib": {
            "hashes": [
                "sha256:5810657a86b19476c93fa280c499ca3ef88ce26f2b74dae202989ae06377d107",
                "sha256:c1403e70fce769643820cb2c5bf0bd4f7ea83a01c60e854c81a6f5d7ccff2656"
            ],
            "markers": "python_full_version >= '3.5.2' and python_full_version < '4.0.0'",
            "version": "==1.1.7"
        },
        "anyio": {
            "hashes": [
                "sha256:25ea0d673ae30af41a0c442f81cf3b38c7e79fdc7b60335a4c14e05eb0947421",
                "sha256:fbbe32bd270d2a2ef3ed1c5d45041250284e31fc0a4df4a5a6071842051a51e3"
            ],
            "markers": "python_full_version >= '3.6.2'",
            "version": "==3.6.2"
        },
        "asgiref": {
            "hashes": [
                "sha256:1d2880b792ae8757289136f1db2b7b99100ce959b2aa57fd69dab783d05afac4",
                "sha256:4a29362a6acebe09bf1d6640db38c1dc3d9217c68e6f9f6204d72667fc19a424"
            ],
            "markers": "python_version >= '3.7'",
            "version": "==3.5.2"
        },
        "asyncpg": {
            "hashes": [
                "sha256:0a61fb196ce4dae2f2fa26eb20a778db21bbee484d2e798cb3cc988de13bdd1b",
                "sha256:18d49e2d93a7139a2fdbd113e320cc47075049997268a61bfbe0dde680c55471",
                "sha256:191fe6341385b7fdea7dbdcf47fd6db3fd198827dcc1f2b228476d13c05a03c6",
                "sha256:1a70783f6ffa34cc7dd2de20a873181414a34fd35a4a208a1f1a7f9f695e4ec4",
                "sha256:2633331cbc8429030b4f20f712f8d0fbba57fa8555ee9b2f45f981b81328b256",
                "sha256:2bc197fc4aca2fd24f60241057998124012469d2e414aed3f992579db0c88e3a",
                "sha256:4327f691b1bdb222df27841938b3e04c14068166b3a97491bec2cb982f49f03e",
                "sha256:43cde84e996a3afe75f325a68300093425c2f47d340c0fc8912765cf24a1c095",
                "sha256:52fab7f1b2c29e187dd8781fce896249500cf055b63471ad66332e537e9b5f7e",
                "sha256:56d88d7ef4341412cd9c68efba323a4519c916979ba91b95d4c08799d2ff0c09",
                "sha256:5e4105f57ad1e8fbc8b1e535d8fcefa6ce6c71081228f08680c6dea24384ff0e",
                "sha256:63f8e6a69733b285497c2855464a34de657f2cccd25aeaeeb5071872e9382540",
                "sha256:649e2966d98cc48d0646d9a4e29abecd8b59d38d55c256d5c857f6b27b7407ac",
                "sha256:6f8f5fc975246eda83da8031a14004b9197f510c41511018e7b1bedde6968e92",
                "sha256:72a1e12ea0cf7c1e02794b697e3ca967b2360eaa2ce5d4bfdd8604ec2d6b774b",
                "sha256:739bbd7f89a2b2f6bc44cb8bf967dab12c5bc714fcbe96e68d512be45ecdf962",
                "sha256:863d36eba4a7caa853fd7d83fad5fd5306f050cc2fe6e54fbe10cdb30420e5e9",
                "sha256:a738f1b2876f30d710d3dc1e7858160a0afe1603ba16bf5f391f5316eb0ed855",
                "sha256:a84d30e6f850bac0876990bcd207362778e2208df0bee8be8da9f1558255e634",
                "sha256:acb311722352152936e58a8ee3c5b8e791b24e84cd7d777c414ff05b3530ca68",
                "sha256:beaecc52ad39614f6ca2e48c3ca15d56e24a2c15cbfdcb764a4320cc45f02fd5",
                "sha256:bf5e3408a14a17d480f36ebaf0401a12ff6ae5457fdf45e4e2775c51cc9517d3",
                "sha256:bf6dc9b55b9113f39eaa2057337ce3f9ef7de99a053b8a16360395ce588925cd",
                "sha256:ddb4c3263a8d63dcde3d2c4ac1c25206bfeb31fa83bd70fd539e10f87739dee4",
                "sha256:f55918ded7b85723a5eaeb34e86e7b9280d4474be67df853ab5a7fa0cc7c6bf2",
                "sha256:fe471ccd915b739ca65e2e4dbd92a11b44a5b37f2e38f70827a1c147dafe0fa8"
            ],
            "index": "pypi",
            "version": "==0.25.0"
        },
        "bcrypt": {
            "hashes": [
                "sha256:089098effa1bc35dc055366740a067a2fc76987e8ec75349eb9484061c54f535",
                "sha256:08d2947c490093a11416df18043c27abe3921558d2c03e2076ccb28a116cb6d0",
                "sha256:0eaa47d4661c326bfc9d08d16debbc4edf78778e6aaba29c1bc7ce67214d4410",
                "sha256:27d375903ac8261cfe4047f6709d16f7d18d39b1ec92aaf72af989552a650ebd",
                "sha256:2b3ac11cf45161628f1f3733263e63194f22664bf4d0c0f3ab34099c02134665",
                "sha256:2caffdae059e06ac23fce178d31b4a702f2a3264c20bfb5ff541b338194d8fab",
                "sha256:3100851841186c25f127731b9fa11909ab7b1df6fc4b9f8353f4f1fd952fbf71",
                "sha256:5ad4d32a28b80c5fa6671ccfb43676e8c1cc232887759d1cd7b6f56ea4355215",
                "sha256:67a97e1c405b24f19d08890e7ae0c4f7ce1e56a712a016746c8b2d7732d65d4b",
                "sha256:705b2cea8a9ed3d55b4491887ceadb0106acf7c6387699fca771af56b1cdeeda",
                "sha256:8a68f4341daf7522fe8d73874de8906f3a339048ba406be6ddc1b3ccb16fc0d9",
                "sha256:a522427293d77e1c29e303fc282e2d71864579527a04ddcfda6d4f8396c6c36a",
                "sha256:ae88eca3024bb34bb3430f964beab71226e761f51b912de5133470b649d82344",
                "sha256:b1023030aec778185a6c16cf70f359cbb6e0c289fd564a7cfa29e727a1c38f8f",
                "sha256:b3b85202d95dd568efcb35b53936c5e3b3600c7cdcc6115ba461df3a8e89f38d",
                "sha256:b57adba8a1444faf784394de3436233728a1ecaeb6e07e8c22c8848f179b893c",
                "sha256:bf4fa8b2ca74381bb5442c089350f09a3f17797829d958fad058d6e44d9eb83c",
                "sha256:ca3204d00d3cb2dfed07f2d74a25f12fc12f73e606fcaa6975d1f7ae69cacbb2",
                "sha256:cbb03eec97496166b704ed663a53680ab57c5084b2fc98ef23291987b525cb7d",
                "sha256:e9a51bbfe7e9802b5f3508687758b564069ba937748ad7b9e890086290d2f79e",
                "sha256:fbdaec13c5105f0c4e5c52614d04f0bca5f5af007910daa8b6b12095edaa67b3"
            ],
            "version": "==4.0.1"
        },
        "blinker": {
            "hashes": [
                "sha256:1eb563df6fdbc39eeddc177d953203f99f097e9bf0e2b8f9f3cf18b6ca425e36",
                "sha256:923e5e2f69c155f2cc42dafbbd70e16e3fde24d2d4aa2ab72fbe386238892462"
            ],
            "markers": "python_version >= '2.7' and python_version not in '3.0, 3.1, 3.2, 3.3, 3.4'",
            "version": "==1.5"
        },
        "click": {
            "hashes": [
                "sha256:7682dc8afb30297001674575ea00d1814d808d6a36af415a82bd481d37ba7b8e",
                "sha256:bb4d8133cb15a609f44e8213d9b391b0809795062913b383c62be0ee95b1db48"
            ],
            "markers": "python_version >= '3.7'",
            "version": "==8.1.3"
        },
        "databases": {
            "extras": [
                "postgresql"
            ],
            "hashes": [
                "sha256:abf088900e6665952fede331cb126a1810a097fb3aad54e02a4f58521419dabf",
                "sha256:c36468d9e00f47a825669a73158e6745e0401a169186fdefbb2fb7d43276320a"
            ],
            "index": "pypi",
            "version": "==0.6.0"
        },
        "dnspython": {
            "hashes": [
                "sha256:0f7569a4a6ff151958b64304071d370daa3243d15941a7beedf0c9fe5105603e",
                "sha256:a851e51367fb93e9e1361732c1d60dab63eff98712e503ea7d92e6eccb109b4f"
            ],
            "markers": "python_version >= '3.6' and python_full_version < '4.0.0'",
            "version": "==2.2.1"
        },
        "email-validator": {
            "hashes": [
                "sha256:553a66f8be2ec2dea641ae1d3f29017ab89e9d603d4a25cdaac39eefa283d769",
                "sha256:816073f2a7cffef786b29928f58ec16cdac42710a53bb18aa94317e3e145ec5c"
            ],
            "index": "pypi",
            "version": "==1.3.0"
        },
        "fastapi": {
            "hashes": [
                "sha256:15fcabd5c78c266fa7ae7d8de9b384bfc2375ee0503463a6febbe3bab69d6f65",
                "sha256:3233d4a789ba018578658e2af1a4bb5e38bdd122ff722b313666a9b2c6786a83"
            ],
            "index": "pypi",
            "version": "==0.78.0"
        },
        "fastapi-mail": {
            "hashes": [
                "sha256:96e9fd5c51cc7caef88895e8a0487e9362b59bc7b4532469f9bc27bcd033a138",
                "sha256:a97db07b70275bff29396f6bde40efd221986b2ee06465fee9a1bef6a918a6a8"
            ],
            "index": "pypi",
            "version": "==1.1.5"
        },
        "greenlet": {
            "hashes": [
                "sha256:00ebdaf0fa51c284fd2172837d751731a15971e0c20d1a9163cfbdf620ce8b49",
                "sha256:029ca674b3a7e8427db8f5c65d5ed4e24a7417af2a415a5958598aefd71980c4",
                "sha256:02bdb1e373b275bd705c43b249426e776c4f8a8ff2afaf8ec5ea0dde487d8a14",
                "sha256:08dc04f49ed1ea5e6772bb5e8cf2a77d1b1744566f4eca471a55b35af1278b31",
                "sha256:08f44e938d142271b954405afb6570e0be48a9f556b6bf4d42d2e3ae6a251fad",
                "sha256:0a5c03e2a68ec2ff1cba74ceaed899ec8cd353285f4f985c30c8cfbef9d3a3be",
                "sha256:0fee3240093b745efc857392f09379514ad84db4ca324514594bbdf6380016c8",
                "sha256:118e708dd7bc88beaeeaa5a8601a7743b8835b7bbaf7c8f23ffa78f8bc8faf28",
                "sha256:13d492a807a5c7334b5931e9b6d9b181991ccc6a40555a7b177f189feff59b4b",
                "sha256:1cac9e9895aeff26434325404558783ee54f4ff3aec8daa56b8706796f7b01a0",
                "sha256:2146d15429b4eeb412428737594acb5660a5bc0fdd1488d8a2a74a5ee32391fa",
                "sha256:21ee1ae26d072b195edea764218623f6c15eba4ae06816908f33c82e0af018d3",
                "sha256:22eca421e3f2f3c18f4f54c0ff525aa9d397c6f116fce9ebd37b420174dbc027",
                "sha256:2bab49783858cf724fff6868395cbeb81d1188cba23616b53e79de0beda29f42",
                "sha256:2fbdec204ca40b3d0c0992a19c1ba627441c17983ac4ffc45baec7f5f53e20ca",
                "sha256:30ce47525f9a1515566429ac7de6b1ae76d32c3ccede256e3517a1a6419cf659",
                "sha256:335dcf676d5e4122e4006c16ae11eda2467af5461b949c265ce120b6b959ffe2",
                "sha256:3407b843b05da71fef0f1dd666059c08ad0e0f4afc3b9c93c998a2e53fac95e5",
                "sha256:35827f98fd0d768862b8f15777e6dbb03fe6ac6e7bd1bee3f3ded4536f350347",
                "sha256:3a22e5988f9d66b3e9ae9583bf9d8ef792b09f23afeb78707e6a4f47ab57cc5e",
                "sha256:3c3327da2bdab61078e42e695307465c425671a5a9251e6c29ee130d51943f28",
                "sha256:3ca723dfc2789c1fb991809822811896b198ecf0909dbccea4a07170d18c3e1b",
                "sha256:46156ae88ee71c37b6c4f7af63fff5d3ab8f45ef72e1a660bcf6386c1647f106",
                "sha256:4bbe2d074292e3646704371eb640ee52c386d633ed72ff223dadcd3fe8ecd8f9",
                "sha256:4c4310f0e42154995d92810f27b44ab7116a4a696feb0ff141ae2de59196efd7",
                "sha256:4cfa629de5b2dea27c81b334c4536463e9a49ac0877e2008a276d58d4c72868a",
                "sha256:4e144ab0de56b4d2a2cf0d2fb9d568b59fce49aab3e129badf17c12b0252047d",
                "sha256:4ea67f303cec384b148774667c7e3cf02311e7026fc02bdcdcd206dfe4ea4fc9",
                "sha256:538c9e8f65a32413ace426f8117ef019021adf8175f7c491fed65f5fe2083e0c",
                "sha256:56565ac9ab4ff3dd473bfe959e0bf2a5062aabb89b7c94cabb417beb162c9fff",
                "sha256:5e22485256bb1c60bbcc6f8509b1a11042358a2462d5ecdb9a82dc472d2fdd60",
                "sha256:602a69c24f1a9755dd1760b3b31bdfc495c4613260c876a01b7e6d5eb9bcae1b",
                "sha256:6393ec3cecda53b20241e88bc33d87cbd8126cc10870fc69fa16ca2e20a5ac1b",
                "sha256:6442bbfb047dc1e47658954b72e1589f2bc4e12e67d51bbad0059a626180daa1",
                "sha256:666d2a0b269a68cd4fe0976544ab97970c5334d35d0e47ae9be1723f734d8204",
                "sha256:697cfbfc19815c40213badcfe5f076418e0f9100cd25a66f513f32c1026b8bf4",
                "sha256:6a1a6745c5dce202aa3f29a1736c53cf2179e9c3b280dc62cea9cb8c69977c83",
                "sha256:6fc73fc8dd81d9efa842a55033b6b4cb233b134a0270e127c6874d053ef2049b",
                "sha256:7e9e0d4c5c618b0442396715ffe6c2f84a60d593dad7e0184388aed36d568a65",
                "sha256:81fdcf7c0c2df46a99ca421a552c4370117851c5e4dbd6cb53d569b896d62322",
                "sha256:8b26932be686f3582df039d79fe96f7ca13d63b39468162f816f9ff29584b9a4",
                "sha256:8b7e5191b974fb66fcbac1818ba494d3512da9cf6eaef7acd952f9862eaaa20c",
                "sha256:8c80e9c41a83d8c90399af8c7dcdeae0c03c48b40b9d0ab84457533d5d7882bf",
                "sha256:9f2f110b9cc325f6543e0e3f4ab8008c272a59052f9464047c29d4be4511ce05",
                "sha256:a339e510a079dc8372e39ce1c7629414db51966235c9670c58d529def79243a2",
                "sha256:ad9abc3e4d2370cecb524421cc5c8a664006aa11d5c1cb3c9250e3bf65ab546e",
                "sha256:b043782c8f6cccc8fae3a16db397eca1d36a41b0706cbf6f514aea1e1a260bab",
                "sha256:b31de27313abbb567c528ed123380fcf18a5dfd03134570dfd12227e21ac1184",
                "sha256:b75e5644cc353328cd57ec8dafaaf5f81b2c3ecf7c4b278b907e99ad53ba7839",
                "sha256:b8cfc8fc944bd7b704691bc28225a2635e377e92dc413459845868d3f7724982",
                "sha256:c2055c52260808d87622293b57df1c68aeb12ddd8a0cfc0223fb57a5f629e202",
                "sha256:c416106b3b8e905b6ab0e84ec90047a6401021aa023f9aa93978e57cd8f8189f",
                "sha256:d0e210e17a6181a3fd3f8dce957043a4e74177ffa9f295514984b2b633940dce",
                "sha256:d9453135e48cd631e3e9f06d9da9100d17c9f662e4a6d8b552c29be6c834a6b9",
                "sha256:dd0198006278291d9469309d655093df1f5e5107c0261e242b5f390baee32199",
                "sha256:e1781bda1e787d3ad33788cc3be47f6e47a9581676d02670c15ee36c9460adfe",
                "sha256:e56a5a9f303e3ac011ba445a6d84f05d08666bf8db094afafcec5228622c30f5",
                "sha256:e93ae35f0fd3caf75e58c76a1cab71e6ece169aaa1b281782ef9efde0a6b83f2",
                "sha256:eb36b6570646227a63eda03916f1cc6f3744ee96d28f7a0a5629c59267a8055f",
                "sha256:f8c425a130e04d5404edaf6f5906e5ab12f3aa1168a1828aba6dfadac5910469"
            ],
            "markers": "python_version >= '3' and platform_machine == 'aarch64' or (platform_machine == 'ppc64le' or (platform_machine == 'x86_64' or (platform_machine == 'amd64' or (platform_machine == 'AMD64' or (platform_machine == 'win32' or platform_machine == 'WIN32')))))",
            "version": "==2.0.0.post0"
        },
        "h11": {
            "hashes": [
                "sha256:8f19fbbe99e72420ff35c00b27a34cb9937e902a8b810e2c88300c6f0a3b699d",
                "sha256:e3fe4ac4b851c468cc8363d500db52c2ead036020723024a109d37346efaa761"
            ],
            "markers": "python_version >= '3.7'",
            "version": "==0.14.0"
        },
        "idna": {
            "hashes": [
                "sha256:814f528e8dead7d329833b91c5faa87d60bf71824cd12a7530b5526063d02cb4",
                "sha256:90b77e79eaa3eba6de819a0c442c0b4ceefc341a7a2ab77d7562bf49f425c5c2"
            ],
            "markers": "python_version >= '3.5'",
            "version": "==3.4"
        },
        "jinja2": {
            "hashes": [
                "sha256:31351a702a408a9e7595a8fc6150fc3f43bb6bf7e319770cbc0db9df9437e852",
                "sha256:6088930bfe239f0e6710546ab9c19c9ef35e29792895fed6e6e31a023a182a61"
            ],
            "markers": "python_version >= '3.7'",
            "version": "==3.1.2"
        },
        "markupsafe": {
            "hashes": [
                "sha256:0212a68688482dc52b2d45013df70d169f542b7394fc744c02a57374a4207003",
                "sha256:089cf3dbf0cd6c100f02945abeb18484bd1ee57a079aefd52cffd17fba910b88",
                "sha256:10c1bfff05d95783da83491be968e8fe789263689c02724e0c691933c52994f5",
                "sha256:33b74d289bd2f5e527beadcaa3f401e0df0a89927c1559c8566c066fa4248ab7",
                "sha256:3799351e2336dc91ea70b034983ee71cf2f9533cdff7c14c90ea126bfd95d65a",
                "sha256:3ce11ee3f23f79dbd06fb3d63e2f6af7b12db1d46932fe7bd8afa259a5996603",
                "sha256:421be9fbf0ffe9ffd7a378aafebbf6f4602d564d34be190fc19a193232fd12b1",
                "sha256:43093fb83d8343aac0b1baa75516da6092f58f41200907ef92448ecab8825135",
                "sha256:46d00d6cfecdde84d40e572d63735ef81423ad31184100411e6e3388d405e247",
                "sha256:4a33dea2b688b3190ee12bd7cfa29d39c9ed176bda40bfa11099a3ce5d3a7ac6",
                "sha256:4b9fe39a2ccc108a4accc2676e77da025ce383c108593d65cc909add5c3bd601",
                "sha256:56442863ed2b06d19c37f94d999035e15ee982988920e12a5b4ba29b62ad1f77",
                "sha256:671cd1187ed5e62818414afe79ed29da836dde67166a9fac6d435873c44fdd02",
                "sha256:694deca8d702d5db21ec83983ce0bb4b26a578e71fbdbd4fdcd387daa90e4d5e",
                "sha256:6a074d34ee7a5ce3effbc526b7083ec9731bb3cbf921bbe1d3005d4d2bdb3a63",
                "sha256:6d0072fea50feec76a4c418096652f2c3238eaa014b2f94aeb1d56a66b41403f",
                "sha256:6fbf47b5d3728c6aea2abb0589b5d30459e369baa772e0f37a0320185e87c980",
                "sha256:7f91197cc9e48f989d12e4e6fbc46495c446636dfc81b9ccf50bb0ec74b91d4b",
                "sha256:86b1f75c4e7c2ac2ccdaec2b9022845dbb81880ca318bb7a0a01fbf7813e3812",
                "sha256:8dc1c72a69aa7e082593c4a203dcf94ddb74bb5c8a731e4e1eb68d031e8498ff",
                "sha256:8e3dcf21f367459434c18e71b2a9532d96547aef8a871872a5bd69a715c15f96",
                "sha256:8e576a51ad59e4bfaac456023a78f6b5e6e7651dcd383bcc3e18d06f9b55d6d1",
                "sha256:96e37a3dc86e80bf81758c152fe66dbf60ed5eca3d26305edf01892257049925",
                "sha256:97a68e6ada378df82bc9f16b800ab77cbf4b2fada0081794318520138c088e4a",
                "sha256:99a2a507ed3ac881b975a2976d59f38c19386d128e7a9a18b7df6fff1fd4c1d6",
                "sha256:a49907dd8420c5685cfa064a1335b6754b74541bbb3706c259c02ed65b644b3e",
                "sha256:b09bf97215625a311f669476f44b8b318b075847b49316d3e28c08e41a7a573f",
                "sha256:b7bd98b796e2b6553da7225aeb61f447f80a1ca64f41d83612e6139ca5213aa4",
                "sha256:b87db4360013327109564f0e591bd2a3b318547bcef31b468a92ee504d07ae4f",
                "sha256:bcb3ed405ed3222f9904899563d6fc492ff75cce56cba05e32eff40e6acbeaa3",
                "sha256:d4306c36ca495956b6d568d276ac11fdd9c30a36f1b6eb928070dc5360b22e1c",
                "sha256:d5ee4f386140395a2c818d149221149c54849dfcfcb9f1debfe07a8b8bd63f9a",
                "sha256:dda30ba7e87fbbb7eab1ec9f58678558fd9a6b8b853530e176eabd064da81417",
                "sha256:e04e26803c9c3851c931eac40c695602c6295b8d432cbe78609649ad9bd2da8a",
                "sha256:e1c0b87e09fa55a220f058d1d49d3fb8df88fbfab58558f1198e08c1e1de842a",
                "sha256:e72591e9ecd94d7feb70c1cbd7be7b3ebea3f548870aa91e2732960fa4d57a37",
                "sha256:e8c843bbcda3a2f1e3c2ab25913c80a3c5376cd00c6e8c4a86a89a28c8dc5452",
                "sha256:efc1913fd2ca4f334418481c7e595c00aad186563bbc1ec76067848c7ca0a933",
                "sha256:f121a1420d4e173a5d96e47e9a0c0dcff965afdf1626d28de1460815f7c4ee7a",
                "sha256:fc7b548b17d238737688817ab67deebb30e8073c95749d55538ed473130ec0c7"
            ],
            "markers": "python_version >= '3.7'",
            "version": "==2.1.1"
        },
        "passlib": {
            "extras": [
                "bcrypt"
            ],
            "hashes": [
                "sha256:aa6bca462b8d8bda89c70b382f0c298a20b5560af6cbfa2dce410c0a2fb669f1",
                "sha256:defd50f72b65c5402ab2c573830a6978e5f202ad0d984793c8dde2c4152ebe04"
            ],
            "index": "pypi",
            "version": "==1.7.4"
        },
        "psycopg-binary": {
            "hashes": [
                "sha256:0bfed4454148ac0a80f04c1892b3ab6b38a8f778d828db5c91a0dda6a67c5c88",
                "sha256:105f86eacd523b8fee0fa576b7efcff2a38714bc084ae781768244a94c36b815",
                "sha256:14183ce8ba816b1ba19a6d52a03dedf6379eb8a1b5eac2ccd37fdf2c70f31964",
                "sha256:192d9d0c9e442247b08908cb8c02d4774516bf1a9ca840edfad8e0a86c2f6292",
                "sha256:1a79a6f3dc9c78ff294d269f0162f8e5d50ceadf84db1b83669c5512e87fc4f1",
                "sha256:262b6be0828048874c75a35e960e7d13f7dfdf462e9f4f596d384d17fa836d1e",
                "sha256:341e85619621778619a7fc152ee05e7a92cdb1a350695e7f31371c3114c2af91",
                "sha256:3bcdd2e94328571f639503229d570beefc69284b9a985534943b1e88a6a93ba5",
                "sha256:4422a0d795ff7c8340084d2152498e7d412cfe0ddaa4c6d214676f74cb18ae1d",
                "sha256:4b4d547c0e20972643849a89db8ac4e9cabbde5be3b7da954660387090d35900",
                "sha256:4b797055aff771471f51d8802471fe8dcbdd88b2cc751ea2cb4ad3c989862931",
                "sha256:50dd83ef554e2804773e0be7a7cda6ef07f828ca022defb552c331726955e0e9",
                "sha256:59435ee6b58d6c16bb60ea893f4359b49032c47824d1f3d5358f9edfd299471a",
                "sha256:5bb8a2fbd0bb163ce118c511f66bf110284f1a5014fb2b2489c4ed4cab3a44b7",
                "sha256:5f588916a70e7236db5234272f61357b6e9e8c8cd95b16fde3a577b6d342e8f0",
                "sha256:5ff583900f8bb733c9c1470328b1957f873b8140473313343e3753e37917d9c9",
                "sha256:606f05fd223630333fff73cf1175839fc679340781eaac3f918ac48077390f25",
                "sha256:60a8c1ef5145f8443081f8d38d4dd37ea0742cecef5fceedc2ada5b477a283d5",
                "sha256:63c09406451c5f2fdb8d4ff4d47a6d9cd675f10ce0bb5639b603419ea1fc4b91",
                "sha256:69c3369bd529fb1dfe86f29db36e17b05909681407804794fe36ca559d5d0b57",
                "sha256:703f9481a39629f7c35dc5a6b64cf213a16ae580855d00f1debffb16928e92a5",
                "sha256:75b680998dcccd5604c12c8f3283c067160fd937ac5964af1d401f093861dc31",
                "sha256:76e351bd74dbf9a1323477778814e5a14453dc717487b0e4c16a3015816c6306",
                "sha256:797ec44c9aeefc2943972f3ce358abd200780c701a4d5417eb7a3f75d7932cdf",
                "sha256:79c5fd3f658f91bc4e7fbcdd1b60a07ffddee862040a34b0163337437767c11f",
                "sha256:7c0c1905de7de09bce3acaf7dab56814050c468eade0cb8ee3d774e28b886ca9",
                "sha256:7d2953019a38486e11d5e54e3bd2e4e82e7b5232376df7dda0d30492d0231b52",
                "sha256:7d52c44926a29c00f7cd71ea2d70c08d4a8b42a4e761ba19beca38815900d81c",
                "sha256:8adc3d84eac60cba1cfb868c23a6bde35de59915dd812c42a7ff6368de9a3b06",
                "sha256:8f5bb92629fd905e79ae7cd6a667a82976d2152f1ea5106290166f8b855a32a1",
                "sha256:8fb492a95c97db2f30f39ee65351ba7f591b4b66291256852b0855c09d9ec11e",
                "sha256:a2570218da28eba94a86da2dbba754d58288be8812652d0b70bf9544dac301de",
                "sha256:a2ccc1ffa87d2787659296fac5b0c071faf371ba576f74cd2dc9f0cbbf95259b",
                "sha256:a30479a00f80a0822dd6de3da46cea5b278fd76b802a82c4597e58231d333474",
                "sha256:a90485ac2466676a42fae7a1ab8420561e27362c39cd713d83168c5118c45458",
                "sha256:ac5ff3f8e7abb36c9584b147e3a9db2817c99d33528c90ab59c3bcab2c5ceac7",
                "sha256:b4dc40ada92cc340276e355ff31ef2653dd9edb925c13cca5f45f69058a111c0",
                "sha256:cb4123f15fcaa62cf971a3c4246727b83c361fa185da4b66459529b2ac84f3b2",
                "sha256:d23952eb3a0e87021136ed5720797abaaa4d2a09fb7479f94b93219aded1f1ec",
                "sha256:d405645a9a8716a35b8ca5fbdebf902fa37acabebfd6edf771e48b9511eab13a",
                "sha256:d8a38d17df0a8be1a17e4796775439f9fd570ecd0d7da7ba90cfe663a1177f63",
                "sha256:dcb3a5b87a66e80dd9f8d9ca2730dc9d1635fbec1627a585d0c228b83bd596d2",
                "sha256:dec6a4bce7f233ab0e8202dc302b43bb0d5f2b57e91cdd6bd465228d674bfa43",
                "sha256:df92cae17c1332751609dbb29b32b738bade7420365739ca8c2976d5af2ff2d5",
                "sha256:e3b68986701b2b4b2aec0933188dba125e988db3628f99a9cb78dd67a0853c13",
                "sha256:e7e333255a07076387fa291081db2bdf69c68e16730de86387444d7bb283367f",
                "sha256:e986d85989c917e4c36145df70ead2bc892abcc2ebaeb3032f974de0af805c46",
                "sha256:f8386e07c1f76b6f01c6d9686b6b2731d156f45739844b254b47d94fe5f18ece",
                "sha256:f8f90426cc8f1ba341a4ef61ee8be5ed45517e0976a418d0bb6d8543eef572ec",
                "sha256:ffedd621d2ca256105acb96a6328cb4e3546c28569e7ceba5fa40559e3c0a0d6"
            ],
            "index": "pypi",
            "version": "==3.0.15"
        },
        "psycopg2-binary": {
            "hashes": [
                "sha256:01310cf4cf26db9aea5158c217caa92d291f0500051a6469ac52166e1a16f5b7",
                "sha256:083a55275f09a62b8ca4902dd11f4b33075b743cf0d360419e2051a8a5d5ff76",
                "sha256:090f3348c0ab2cceb6dfbe6bf721ef61262ddf518cd6cc6ecc7d334996d64efa",
                "sha256:0a29729145aaaf1ad8bafe663131890e2111f13416b60e460dae0a96af5905c9",
                "sha256:0c9d5450c566c80c396b7402895c4369a410cab5a82707b11aee1e624da7d004",
                "sha256:10bb90fb4d523a2aa67773d4ff2b833ec00857f5912bafcfd5f5414e45280fb1",
                "sha256:12b11322ea00ad8db8c46f18b7dfc47ae215e4df55b46c67a94b4effbaec7094",
                "sha256:152f09f57417b831418304c7f30d727dc83a12761627bb826951692cc6491e57",
                "sha256:15803fa813ea05bef089fa78835118b5434204f3a17cb9f1e5dbfd0b9deea5af",
                "sha256:15c4e4cfa45f5a60599d9cec5f46cd7b1b29d86a6390ec23e8eebaae84e64554",
                "sha256:183a517a3a63503f70f808b58bfbf962f23d73b6dccddae5aa56152ef2bcb232",
                "sha256:1f14c8b0942714eb3c74e1e71700cbbcb415acbc311c730370e70c578a44a25c",
                "sha256:1f6b813106a3abdf7b03640d36e24669234120c72e91d5cbaeb87c5f7c36c65b",
                "sha256:280b0bb5cbfe8039205c7981cceb006156a675362a00fe29b16fbc264e242834",
                "sha256:2d872e3c9d5d075a2e104540965a1cf898b52274a5923936e5bfddb58c59c7c2",
                "sha256:2f2534ab7dc7e776a263b463a16e189eb30e85ec9bbe1bff9e78dae802608932",
                "sha256:2f9ffd643bc7349eeb664eba8864d9e01f057880f510e4681ba40a6532f93c71",
                "sha256:3303f8807f342641851578ee7ed1f3efc9802d00a6f83c101d21c608cb864460",
                "sha256:35168209c9d51b145e459e05c31a9eaeffa9a6b0fd61689b48e07464ffd1a83e",
                "sha256:3a79d622f5206d695d7824cbf609a4f5b88ea6d6dab5f7c147fc6d333a8787e4",
                "sha256:404224e5fef3b193f892abdbf8961ce20e0b6642886cfe1fe1923f41aaa75c9d",
                "sha256:46f0e0a6b5fa5851bbd9ab1bc805eef362d3a230fbdfbc209f4a236d0a7a990d",
                "sha256:47133f3f872faf28c1e87d4357220e809dfd3fa7c64295a4a148bcd1e6e34ec9",
                "sha256:526ea0378246d9b080148f2d6681229f4b5964543c170dd10bf4faaab6e0d27f",
                "sha256:53293533fcbb94c202b7c800a12c873cfe24599656b341f56e71dd2b557be063",
                "sha256:539b28661b71da7c0e428692438efbcd048ca21ea81af618d845e06ebfd29478",
                "sha256:57804fc02ca3ce0dbfbef35c4b3a4a774da66d66ea20f4bda601294ad2ea6092",
                "sha256:63638d875be8c2784cfc952c9ac34e2b50e43f9f0a0660b65e2a87d656b3116c",
                "sha256:6472a178e291b59e7f16ab49ec8b4f3bdada0a879c68d3817ff0963e722a82ce",
                "sha256:68641a34023d306be959101b345732360fc2ea4938982309b786f7be1b43a4a1",
                "sha256:6e82d38390a03da28c7985b394ec3f56873174e2c88130e6966cb1c946508e65",
                "sha256:761df5313dc15da1502b21453642d7599d26be88bff659382f8f9747c7ebea4e",
                "sha256:7af0dd86ddb2f8af5da57a976d27cd2cd15510518d582b478fbb2292428710b4",
                "sha256:7b1e9b80afca7b7a386ef087db614faebbf8839b7f4db5eb107d0f1a53225029",
                "sha256:874a52ecab70af13e899f7847b3e074eeb16ebac5615665db33bce8a1009cf33",
                "sha256:887dd9aac71765ac0d0bac1d0d4b4f2c99d5f5c1382d8b770404f0f3d0ce8a39",
                "sha256:8b344adbb9a862de0c635f4f0425b7958bf5a4b927c8594e6e8d261775796d53",
                "sha256:8fc53f9af09426a61db9ba357865c77f26076d48669f2e1bb24d85a22fb52307",
                "sha256:91920527dea30175cc02a1099f331aa8c1ba39bf8b7762b7b56cbf54bc5cce42",
                "sha256:93cd1967a18aa0edd4b95b1dfd554cf15af657cb606280996d393dadc88c3c35",
                "sha256:99485cab9ba0fa9b84f1f9e1fef106f44a46ef6afdeec8885e0b88d0772b49e8",
                "sha256:9d29409b625a143649d03d0fd7b57e4b92e0ecad9726ba682244b73be91d2fdb",
                "sha256:a29b3ca4ec9defec6d42bf5feb36bb5817ba3c0230dd83b4edf4bf02684cd0ae",
                "sha256:a9e1f75f96ea388fbcef36c70640c4efbe4650658f3d6a2967b4cc70e907352e",
                "sha256:accfe7e982411da3178ec690baaceaad3c278652998b2c45828aaac66cd8285f",
                "sha256:adf20d9a67e0b6393eac162eb81fb10bc9130a80540f4df7e7355c2dd4af9fba",
                "sha256:af9813db73395fb1fc211bac696faea4ca9ef53f32dc0cfa27e4e7cf766dcf24",
                "sha256:b1c8068513f5b158cf7e29c43a77eb34b407db29aca749d3eb9293ee0d3103ca",
                "sha256:b3a24a1982ae56461cc24f6680604fffa2c1b818e9dc55680da038792e004d18",
                "sha256:bda845b664bb6c91446ca9609fc69f7db6c334ec5e4adc87571c34e4f47b7ddb",
                "sha256:c381bda330ddf2fccbafab789d83ebc6c53db126e4383e73794c74eedce855ef",
                "sha256:c3ae8e75eb7160851e59adc77b3a19a976e50622e44fd4fd47b8b18208189d42",
                "sha256:d1c1b569ecafe3a69380a94e6ae09a4789bbb23666f3d3a08d06bbd2451f5ef1",
                "sha256:def68d7c21984b0f8218e8a15d514f714d96904265164f75f8d3a70f9c295667",
                "sha256:dffc08ca91c9ac09008870c9eb77b00a46b3378719584059c034b8945e26b272",
                "sha256:e3699852e22aa68c10de06524a3721ade969abf382da95884e6a10ff798f9281",
                "sha256:e6aa71ae45f952a2205377773e76f4e3f27951df38e69a4c95440c779e013560",
                "sha256:e847774f8ffd5b398a75bc1c18fbb56564cda3d629fe68fd81971fece2d3c67e",
                "sha256:ffb7a888a047696e7f8240d649b43fb3644f14f0ee229077e7f6b9f9081635bd"
            ],
            "index": "pypi",
            "version": "==2.9.3"
        },
        "pydantic": {
            "hashes": [
                "sha256:05e00dbebbe810b33c7a7362f231893183bcc4251f3f2ff991c31d5c08240c42",
                "sha256:06094d18dd5e6f2bbf93efa54991c3240964bb663b87729ac340eb5014310624",
                "sha256:0b959f4d8211fc964772b595ebb25f7652da3f22322c007b6fed26846a40685e",
                "sha256:19b3b9ccf97af2b7519c42032441a891a5e05c68368f40865a90eb88833c2559",
                "sha256:1b6ee725bd6e83ec78b1aa32c5b1fa67a3a65badddde3976bca5fe4568f27709",
                "sha256:1ee433e274268a4b0c8fde7ad9d58ecba12b069a033ecc4645bb6303c062d2e9",
                "sha256:216f3bcbf19c726b1cc22b099dd409aa371f55c08800bcea4c44c8f74b73478d",
                "sha256:2d0567e60eb01bccda3a4df01df677adf6b437958d35c12a3ac3e0f078b0ee52",
                "sha256:2e05aed07fa02231dbf03d0adb1be1d79cabb09025dd45aa094aa8b4e7b9dcda",
                "sha256:352aedb1d71b8b0736c6d56ad2bd34c6982720644b0624462059ab29bd6e5912",
                "sha256:355639d9afc76bcb9b0c3000ddcd08472ae75318a6eb67a15866b87e2efa168c",
                "sha256:37c90345ec7dd2f1bcef82ce49b6235b40f282b94d3eec47e801baf864d15525",
                "sha256:4b8795290deaae348c4eba0cebb196e1c6b98bdbe7f50b2d0d9a4a99716342fe",
                "sha256:5760e164b807a48a8f25f8aa1a6d857e6ce62e7ec83ea5d5c5a802eac81bad41",
                "sha256:6eb843dcc411b6a2237a694f5e1d649fc66c6064d02b204a7e9d194dff81eb4b",
                "sha256:7b5ba54d026c2bd2cb769d3468885f23f43710f651688e91f5fb1edcf0ee9283",
                "sha256:7c2abc4393dea97a4ccbb4ec7d8658d4e22c4765b7b9b9445588f16c71ad9965",
                "sha256:81a7b66c3f499108b448f3f004801fcd7d7165fb4200acb03f1c2402da73ce4c",
                "sha256:91b8e218852ef6007c2b98cd861601c6a09f1aa32bbbb74fab5b1c33d4a1e410",
                "sha256:9300fcbebf85f6339a02c6994b2eb3ff1b9c8c14f502058b5bf349d42447dcf5",
                "sha256:9cabf4a7f05a776e7793e72793cd92cc865ea0e83a819f9ae4ecccb1b8aa6116",
                "sha256:a1f5a63a6dfe19d719b1b6e6106561869d2efaca6167f84f5ab9347887d78b98",
                "sha256:a4c805731c33a8db4b6ace45ce440c4ef5336e712508b4d9e1aafa617dc9907f",
                "sha256:ae544c47bec47a86bc7d350f965d8b15540e27e5aa4f55170ac6a75e5f73b644",
                "sha256:b97890e56a694486f772d36efd2ba31612739bc6f3caeee50e9e7e3ebd2fdd13",
                "sha256:bb6ad4489af1bac6955d38ebcb95079a836af31e4c4f74aba1ca05bb9f6027bd",
                "sha256:bedf309630209e78582ffacda64a21f96f3ed2e51fbf3962d4d488e503420254",
                "sha256:c1ba1afb396148bbc70e9eaa8c06c1716fdddabaf86e7027c5988bae2a829ab6",
                "sha256:c33602f93bfb67779f9c507e4d69451664524389546bacfe1bee13cae6dc7488",
                "sha256:c4aac8e7103bf598373208f6299fa9a5cfd1fc571f2d40bf1dd1955a63d6eeb5",
                "sha256:c6f981882aea41e021f72779ce2a4e87267458cc4d39ea990729e21ef18f0f8c",
                "sha256:cc78cc83110d2f275ec1970e7a831f4e371ee92405332ebfe9860a715f8336e1",
                "sha256:d49f3db871575e0426b12e2f32fdb25e579dea16486a26e5a0474af87cb1ab0a",
                "sha256:dd3f9a40c16daf323cf913593083698caee97df2804aa36c4b3175d5ac1b92a2",
                "sha256:e0bedafe4bc165ad0a56ac0bd7695df25c50f76961da29c050712596cf092d6d",
                "sha256:e9069e1b01525a96e6ff49e25876d90d5a563bc31c658289a8772ae186552236"
            ],
            "index": "pypi",
            "version": "==1.10.2"
        },
        "pyjwt": {
            "hashes": [
                "sha256:b888b4d56f06f6dcd777210c334e69c737be74755d3e5e9ee3fe67dc18a0ee41",
                "sha256:e0c4bb8d9f0af0c7f5b1ec4c5036309617d03d56932877f2f7a0beeb5318322f"
            ],
            "index": "pypi",
            "version": "==2.3.0"
        },
        "python-decouple": {
            "hashes": [
                "sha256:2838cdf77a5cf127d7e8b339ce14c25bceb3af3e674e039d4901ba16359968c7",
                "sha256:6cf502dc963a5c642ea5ead069847df3d916a6420cad5599185de6bab11d8c2e"
            ],
            "index": "pypi",
            "version": "==3.6"
        },
        "python-dotenv": {
            "hashes": [
                "sha256:1684eb44636dd462b66c3ee016599815514527ad99965de77f43e0944634a7e5",
                "sha256:b77d08274639e3d34145dfa6c7008e66df0f04b7be7a75fd0d5292c191d79045"
            ],
            "index": "pypi",
            "version": "==0.21.0"
        },
        "sniffio": {
            "hashes": [
                "sha256:e60305c5e5d314f5389259b7f22aaa33d8f7dee49763119234af3755c55b9101",
                "sha256:eecefdce1e5bbfb7ad2eeaabf7c1eeb404d7757c379bd1f7e5cce9d8bf425384"
            ],
            "markers": "python_version >= '3.7'",
            "version": "==1.3.0"
        },
        "sqlalchemy": {
            "hashes": [
                "sha256:06ec11a5e6a4b6428167d3ce33b5bd455c020c867dabe3e6951fa98836e0741d",
                "sha256:0e7fd52e48e933771f177c2a1a484b06ea03774fc7741651ebdf19985a34037c",
                "sha256:139c50b9384e6d32a74fc4dcd0e9717f343ed38f95dbacf832c782c68e3862f3",
                "sha256:17417327b87a0f703c9a20180f75e953315207d048159aff51822052f3e33e69",
                "sha256:29a742c29fea12259f1d2a9ee2eb7fe4694a85d904a4ac66d15e01177b17ad7f",
                "sha256:2aac2a685feb9882d09f457f4e5586c885d578af4e97a2b759e91e8c457cbce5",
                "sha256:3197441772dc3b1c6419f13304402f2418a18d7fe78000aa5a026e7100836739",
                "sha256:3688f92c62db6c5df268e2264891078f17ecb91e3141b400f2e28d0f75796dea",
                "sha256:3862a069a24f354145e01a76c7c720c263d62405fe5bed038c46a7ce900f5dd6",
                "sha256:4a17c1a1152ca4c29d992714aa9df3054da3af1598e02134f2e7314a32ef69d8",
                "sha256:4c1d9fb3931e27d59166bb5c4dcc911400fee51082cfba66ceb19ac954ade068",
                "sha256:4e8706919829d455a9fa687c6bbd1b048e36fec3919a59f2d366247c2bfdbd9c",
                "sha256:50c8eaf44c3fed5ba6758d375de25f163e46137c39fda3a72b9ee1d1bb327dfc",
                "sha256:5e4e517ce72fad35cce364a01aff165f524449e9c959f1837dc71088afa2824c",
                "sha256:6629c79967a6c92e33fad811599adf9bc5cee6e504a1027bbf9cc1b6fb2d276d",
                "sha256:78363f400fbda80f866e8e91d37d36fe6313ff847ded08674e272873c1377ea5",
                "sha256:7a44683cf97744a405103ef8fdd31199e9d7fc41b4a67e9044523b29541662b0",
                "sha256:7e579d6e281cc937bdb59917017ab98e618502067e04efb1d24ac168925e1d2a",
                "sha256:7ee34c85cbda7779d66abac392c306ec78c13f5c73a1f01b8b767916d4895d23",
                "sha256:8b38e088659b30c2ca0af63e5d139fad1779a7925d75075a08717a21c406c0f6",
                "sha256:9785d6f962d2c925aeb06a7539ac9d16608877da6aeaaf341984b3693ae80a02",
                "sha256:a91d0668cada27352432f15b92ac3d43e34d8f30973fa8b86f5e9fddee928f3b",
                "sha256:a940c551cfbd2e1e646ceea2777944425f5c3edff914bc808fe734d9e66f8d71",
                "sha256:aaa0e90e527066409c2ea5676282cf4afb4a40bb9dce0f56c8ec2768bff22a6e",
                "sha256:b4c92823889cf9846b972ee6db30c0e3a92c0ddfc76c6060a6cda467aa5fb694",
                "sha256:b55932fd0e81b43f4aff397c8ad0b3c038f540af37930423ab8f47a20b117e4c",
                "sha256:c37885f83b59e248bebe2b35beabfbea398cb40960cdc6d3a76eac863d4e1938",
                "sha256:caca6acf3f90893d7712ae2c6616ecfeac3581b4cc677c928a330ce6fbad4319",
                "sha256:cffc67cdd07f0e109a1fc83e333972ae423ea5ad414585b63275b66b870ea62b",
                "sha256:d4c3b009c9220ae6e33f17b45f43fb46b9a1d281d76118405af13e26376f2e11",
                "sha256:d58f2d9d1a4b1459e8956a0153a4119da80f54ee5a9ea623cd568e99459a3ef1",
                "sha256:d6927c9e3965b194acf75c8e0fb270b4d54512db171f65faae15ef418721996e",
                "sha256:d9050b0c4a7f5538650c74aaba5c80cd64450e41c206f43ea6d194ae6d060ff9",
                "sha256:eec39a17bab3f69c44c9df4e0ed87c7306f2d2bf1eca3070af644927ec4199fa",
                "sha256:f9940528bf9c4df9e3c3872d23078b6b2da6431c19565637c09f1b88a427a684",
                "sha256:ffe487570f47536b96eff5ef2b84034a8ba4e19aab5ab7647e677d94a119ea55"
            ],
            "index": "pypi",
            "version": "==1.4.37"
        },
        "starlette": {
            "hashes": [
                "sha256:5a60c5c2d051f3a8eb546136aa0c9399773a689595e099e0877704d5888279bf",
                "sha256:c6d21096774ecb9639acad41b86b7706e52ba3bf1dc13ea4ed9ad593d47e24c7"
            ],
            "markers": "python_version >= '3.6'",
            "version": "==0.19.1"
        },
        "typing-extensions": {
            "hashes": [
                "sha256:1511434bb92bf8dd198c12b1cc812e800d4181cfcb867674e0f8279cc93087aa",
                "sha256:16fa4864408f655d35ec496218b85f79b3437c829e93320c7c9215ccfd92489e"
            ],
            "markers": "python_version >= '3.7'",
            "version": "==4.4.0"
        },
        "uvicorn": {
            "hashes": [
                "sha256:19e2a0e96c9ac5581c01eb1a79a7d2f72bb479691acd2b8921fce48ed5b961a6",
                "sha256:5180f9d059611747d841a4a4c4ab675edf54c8489e97f96d0583ee90ac3bfc23"
            ],
            "index": "pypi",
            "version": "==0.17.6"
        }
    },
    "develop": {}
}
